// !$*UTF8*$!
{
	archiveVersion = 1;
	classes = {
	};
	objectVersion = 50;
	objects = {

/* Begin PBXBuildFile section */
		AC503D14238269CE00391F03 /* AppDelegate.swift in Sources */ = {isa = PBXBuildFile; fileRef = AC503D13238269CE00391F03 /* AppDelegate.swift */; };
		AC503D16238269CE00391F03 /* SceneDelegate.swift in Sources */ = {isa = PBXBuildFile; fileRef = AC503D15238269CE00391F03 /* SceneDelegate.swift */; };
		AC503D18238269CE00391F03 /* ViewController.swift in Sources */ = {isa = PBXBuildFile; fileRef = AC503D17238269CE00391F03 /* ViewController.swift */; };
		AC503D1B238269CE00391F03 /* Main.storyboard in Resources */ = {isa = PBXBuildFile; fileRef = AC503D19238269CE00391F03 /* Main.storyboard */; };
		AC503D1D238269CE00391F03 /* Assets.xcassets in Resources */ = {isa = PBXBuildFile; fileRef = AC503D1C238269CE00391F03 /* Assets.xcassets */; };
		AC503D20238269CE00391F03 /* LaunchScreen.storyboard in Resources */ = {isa = PBXBuildFile; fileRef = AC503D1E238269CE00391F03 /* LaunchScreen.storyboard */; };
		AC503D2B238269CE00391F03 /* TapMapTests.swift in Sources */ = {isa = PBXBuildFile; fileRef = AC503D2A238269CE00391F03 /* TapMapTests.swift */; };
		AC503D36238269CE00391F03 /* TapMapUITests.swift in Sources */ = {isa = PBXBuildFile; fileRef = AC503D35238269CE00391F03 /* TapMapUITests.swift */; };
/* End PBXBuildFile section */

/* Begin PBXContainerItemProxy section */
		AC503D27238269CE00391F03 /* PBXContainerItemProxy */ = {
			isa = PBXContainerItemProxy;
			containerPortal = AC503D08238269CE00391F03 /* Project object */;
			proxyType = 1;
			remoteGlobalIDString = AC503D0F238269CE00391F03;
			remoteInfo = TapMap;
		};
		AC503D32238269CE00391F03 /* PBXContainerItemProxy */ = {
			isa = PBXContainerItemProxy;
			containerPortal = AC503D08238269CE00391F03 /* Project object */;
			proxyType = 1;
			remoteGlobalIDString = AC503D0F238269CE00391F03;
			remoteInfo = TapMap;
		};
/* End PBXContainerItemProxy section */

/* Begin PBXFileReference section */
		AC503D10238269CE00391F03 /* TapMap.app */ = {isa = PBXFileReference; explicitFileType = wrapper.application; includeInIndex = 0; path = TapMap.app; sourceTree = BUILT_PRODUCTS_DIR; };
		AC503D13238269CE00391F03 /* AppDelegate.swift */ = {isa = PBXFileReference; lastKnownFileType = sourcecode.swift; path = AppDelegate.swift; sourceTree = "<group>"; };
		AC503D15238269CE00391F03 /* SceneDelegate.swift */ = {isa = PBXFileReference; lastKnownFileType = sourcecode.swift; path = SceneDelegate.swift; sourceTree = "<group>"; };
		AC503D17238269CE00391F03 /* ViewController.swift */ = {isa = PBXFileReference; lastKnownFileType = sourcecode.swift; path = ViewController.swift; sourceTree = "<group>"; };
		AC503D1A238269CE00391F03 /* Base */ = {isa = PBXFileReference; lastKnownFileType = file.storyboard; name = Base; path = Base.lproj/Main.storyboard; sourceTree = "<group>"; };
		AC503D1C238269CE00391F03 /* Assets.xcassets */ = {isa = PBXFileReference; lastKnownFileType = folder.assetcatalog; path = Assets.xcassets; sourceTree = "<group>"; };
		AC503D1F238269CE00391F03 /* Base */ = {isa = PBXFileReference; lastKnownFileType = file.storyboard; name = Base; path = Base.lproj/LaunchScreen.storyboard; sourceTree = "<group>"; };
		AC503D21238269CE00391F03 /* Info.plist */ = {isa = PBXFileReference; lastKnownFileType = text.plist.xml; path = Info.plist; sourceTree = "<group>"; };
		AC503D26238269CE00391F03 /* TapMapTests.xctest */ = {isa = PBXFileReference; explicitFileType = wrapper.cfbundle; includeInIndex = 0; path = TapMapTests.xctest; sourceTree = BUILT_PRODUCTS_DIR; };
		AC503D2A238269CE00391F03 /* TapMapTests.swift */ = {isa = PBXFileReference; lastKnownFileType = sourcecode.swift; path = TapMapTests.swift; sourceTree = "<group>"; };
		AC503D2C238269CE00391F03 /* Info.plist */ = {isa = PBXFileReference; lastKnownFileType = text.plist.xml; path = Info.plist; sourceTree = "<group>"; };
		AC503D31238269CE00391F03 /* TapMapUITests.xctest */ = {isa = PBXFileReference; explicitFileType = wrapper.cfbundle; includeInIndex = 0; path = TapMapUITests.xctest; sourceTree = BUILT_PRODUCTS_DIR; };
		AC503D35238269CE00391F03 /* TapMapUITests.swift */ = {isa = PBXFileReference; lastKnownFileType = sourcecode.swift; path = TapMapUITests.swift; sourceTree = "<group>"; };
		AC503D37238269CE00391F03 /* Info.plist */ = {isa = PBXFileReference; lastKnownFileType = text.plist.xml; path = Info.plist; sourceTree = "<group>"; };
/* End PBXFileReference section */

/* Begin PBXFrameworksBuildPhase section */
		AC503D0D238269CE00391F03 /* Frameworks */ = {
			isa = PBXFrameworksBuildPhase;
			buildActionMask = 2147483647;
			files = (
			);
			runOnlyForDeploymentPostprocessing = 0;
		};
		AC503D23238269CE00391F03 /* Frameworks */ = {
			isa = PBXFrameworksBuildPhase;
			buildActionMask = 2147483647;
			files = (
			);
			runOnlyForDeploymentPostprocessing = 0;
		};
		AC503D2E238269CE00391F03 /* Frameworks */ = {
			isa = PBXFrameworksBuildPhase;
			buildActionMask = 2147483647;
			files = (
			);
			runOnlyForDeploymentPostprocessing = 0;
		};
/* End PBXFrameworksBuildPhase section */

/* Begin PBXGroup section */
		AC503D07238269CE00391F03 = {
			isa = PBXGroup;
			children = (
				AC503D12238269CE00391F03 /* TapMap */,
				AC503D29238269CE00391F03 /* TapMapTests */,
				AC503D34238269CE00391F03 /* TapMapUITests */,
				AC503D11238269CE00391F03 /* Products */,
			);
			sourceTree = "<group>";
		};
		AC503D11238269CE00391F03 /* Products */ = {
			isa = PBXGroup;
			children = (
				AC503D10238269CE00391F03 /* TapMap.app */,
				AC503D26238269CE00391F03 /* TapMapTests.xctest */,
				AC503D31238269CE00391F03 /* TapMapUITests.xctest */,
			);
			name = Products;
			sourceTree = "<group>";
		};
		AC503D12238269CE00391F03 /* TapMap */ = {
			isa = PBXGroup;
			children = (
				AC503D13238269CE00391F03 /* AppDelegate.swift */,
				AC503D15238269CE00391F03 /* SceneDelegate.swift */,
				AC503D17238269CE00391F03 /* ViewController.swift */,
				AC503D19238269CE00391F03 /* Main.storyboard */,
				AC503D1C238269CE00391F03 /* Assets.xcassets */,
				AC503D1E238269CE00391F03 /* LaunchScreen.storyboard */,
				AC503D21238269CE00391F03 /* Info.plist */,
			);
			path = TapMap;
			sourceTree = "<group>";
		};
		AC503D29238269CE00391F03 /* TapMapTests */ = {
			isa = PBXGroup;
			children = (
				AC503D2A238269CE00391F03 /* TapMapTests.swift */,
				AC503D2C238269CE00391F03 /* Info.plist */,
			);
			path = TapMapTests;
			sourceTree = "<group>";
		};
		AC503D34238269CE00391F03 /* TapMapUITests */ = {
			isa = PBXGroup;
			children = (
				AC503D35238269CE00391F03 /* TapMapUITests.swift */,
				AC503D37238269CE00391F03 /* Info.plist */,
			);
			path = TapMapUITests;
			sourceTree = "<group>";
		};
/* End PBXGroup section */

/* Begin PBXNativeTarget section */
		AC503D0F238269CE00391F03 /* TapMap */ = {
			isa = PBXNativeTarget;
			buildConfigurationList = AC503D3A238269CE00391F03 /* Build configuration list for PBXNativeTarget "TapMap" */;
			buildPhases = (
				AC503D0C238269CE00391F03 /* Sources */,
				AC503D0D238269CE00391F03 /* Frameworks */,
				AC503D0E238269CE00391F03 /* Resources */,
			);
			buildRules = (
			);
			dependencies = (
			);
			name = TapMap;
			productName = TapMap;
			productReference = AC503D10238269CE00391F03 /* TapMap.app */;
			productType = "com.apple.product-type.application";
		};
		AC503D25238269CE00391F03 /* TapMapTests */ = {
			isa = PBXNativeTarget;
			buildConfigurationList = AC503D3D238269CE00391F03 /* Build configuration list for PBXNativeTarget "TapMapTests" */;
			buildPhases = (
				AC503D22238269CE00391F03 /* Sources */,
				AC503D23238269CE00391F03 /* Frameworks */,
				AC503D24238269CE00391F03 /* Resources */,
			);
			buildRules = (
			);
			dependencies = (
				AC503D28238269CE00391F03 /* PBXTargetDependency */,
			);
			name = TapMapTests;
			productName = TapMapTests;
			productReference = AC503D26238269CE00391F03 /* TapMapTests.xctest */;
			productType = "com.apple.product-type.bundle.unit-test";
		};
		AC503D30238269CE00391F03 /* TapMapUITests */ = {
			isa = PBXNativeTarget;
			buildConfigurationList = AC503D40238269CE00391F03 /* Build configuration list for PBXNativeTarget "TapMapUITests" */;
			buildPhases = (
				AC503D2D238269CE00391F03 /* Sources */,
				AC503D2E238269CE00391F03 /* Frameworks */,
				AC503D2F238269CE00391F03 /* Resources */,
			);
			buildRules = (
			);
			dependencies = (
				AC503D33238269CE00391F03 /* PBXTargetDependency */,
			);
			name = TapMapUITests;
			productName = TapMapUITests;
			productReference = AC503D31238269CE00391F03 /* TapMapUITests.xctest */;
			productType = "com.apple.product-type.bundle.ui-testing";
		};
/* End PBXNativeTarget section */

/* Begin PBXProject section */
		AC503D08238269CE00391F03 /* Project object */ = {
			isa = PBXProject;
			attributes = {
				LastSwiftUpdateCheck = 1120;
				LastUpgradeCheck = 1120;
				ORGANIZATIONNAME = "Brandon Samaroo";
				TargetAttributes = {
					AC503D0F238269CE00391F03 = {
						CreatedOnToolsVersion = 11.2.1;
					};
					AC503D25238269CE00391F03 = {
						CreatedOnToolsVersion = 11.2.1;
						TestTargetID = AC503D0F238269CE00391F03;
					};
					AC503D30238269CE00391F03 = {
						CreatedOnToolsVersion = 11.2.1;
						TestTargetID = AC503D0F238269CE00391F03;
					};
				};
			};
			buildConfigurationList = AC503D0B238269CE00391F03 /* Build configuration list for PBXProject "TapMap" */;
			compatibilityVersion = "Xcode 9.3";
			developmentRegion = en;
			hasScannedForEncodings = 0;
			knownRegions = (
				en,
				Base,
			);
			mainGroup = AC503D07238269CE00391F03;
			productRefGroup = AC503D11238269CE00391F03 /* Products */;
			projectDirPath = "";
			projectRoot = "";
			targets = (
				AC503D0F238269CE00391F03 /* TapMap */,
				AC503D25238269CE00391F03 /* TapMapTests */,
				AC503D30238269CE00391F03 /* TapMapUITests */,
			);
		};
/* End PBXProject section */

/* Begin PBXResourcesBuildPhase section */
		AC503D0E238269CE00391F03 /* Resources */ = {
			isa = PBXResourcesBuildPhase;
			buildActionMask = 2147483647;
			files = (
				AC503D20238269CE00391F03 /* LaunchScreen.storyboard in Resources */,
				AC503D1D238269CE00391F03 /* Assets.xcassets in Resources */,
				AC503D1B238269CE00391F03 /* Main.storyboard in Resources */,
			);
			runOnlyForDeploymentPostprocessing = 0;
		};
		AC503D24238269CE00391F03 /* Resources */ = {
			isa = PBXResourcesBuildPhase;
			buildActionMask = 2147483647;
			files = (
			);
			runOnlyForDeploymentPostprocessing = 0;
		};
		AC503D2F238269CE00391F03 /* Resources */ = {
			isa = PBXResourcesBuildPhase;
			buildActionMask = 2147483647;
			files = (
			);
			runOnlyForDeploymentPostprocessing = 0;
		};
/* End PBXResourcesBuildPhase section */

/* Begin PBXSourcesBuildPhase section */
		AC503D0C238269CE00391F03 /* Sources */ = {
			isa = PBXSourcesBuildPhase;
			buildActionMask = 2147483647;
			files = (
				AC503D18238269CE00391F03 /* ViewController.swift in Sources */,
				AC503D14238269CE00391F03 /* AppDelegate.swift in Sources */,
				AC503D16238269CE00391F03 /* SceneDelegate.swift in Sources */,
			);
			runOnlyForDeploymentPostprocessing = 0;
		};
		AC503D22238269CE00391F03 /* Sources */ = {
			isa = PBXSourcesBuildPhase;
			buildActionMask = 2147483647;
			files = (
				AC503D2B238269CE00391F03 /* TapMapTests.swift in Sources */,
			);
			runOnlyForDeploymentPostprocessing = 0;
		};
		AC503D2D238269CE00391F03 /* Sources */ = {
			isa = PBXSourcesBuildPhase;
			buildActionMask = 2147483647;
			files = (
				AC503D36238269CE00391F03 /* TapMapUITests.swift in Sources */,
			);
			runOnlyForDeploymentPostprocessing = 0;
		};
/* End PBXSourcesBuildPhase section */

/* Begin PBXTargetDependency section */
		AC503D28238269CE00391F03 /* PBXTargetDependency */ = {
			isa = PBXTargetDependency;
			target = AC503D0F238269CE00391F03 /* TapMap */;
			targetProxy = AC503D27238269CE00391F03 /* PBXContainerItemProxy */;
		};
		AC503D33238269CE00391F03 /* PBXTargetDependency */ = {
			isa = PBXTargetDependency;
			target = AC503D0F238269CE00391F03 /* TapMap */;
			targetProxy = AC503D32238269CE00391F03 /* PBXContainerItemProxy */;
		};
/* End PBXTargetDependency section */

/* Begin PBXVariantGroup section */
		AC503D19238269CE00391F03 /* Main.storyboard */ = {
			isa = PBXVariantGroup;
			children = (
				AC503D1A238269CE00391F03 /* Base */,
			);
			name = Main.storyboard;
			sourceTree = "<group>";
		};
		AC503D1E238269CE00391F03 /* LaunchScreen.storyboard */ = {
			isa = PBXVariantGroup;
			children = (
				AC503D1F238269CE00391F03 /* Base */,
			);
			name = LaunchScreen.storyboard;
			sourceTree = "<group>";
		};
/* End PBXVariantGroup section */

/* Begin XCBuildConfiguration section */
		AC503D38238269CE00391F03 /* Debug */ = {
			isa = XCBuildConfiguration;
			buildSettings = {
				ALWAYS_SEARCH_USER_PATHS = NO;
				CLANG_ANALYZER_NONNULL = YES;
				CLANG_ANALYZER_NUMBER_OBJECT_CONVERSION = YES_AGGRESSIVE;
				CLANG_CXX_LANGUAGE_STANDARD = "gnu++14";
				CLANG_CXX_LIBRARY = "libc++";
				CLANG_ENABLE_MODULES = YES;
				CLANG_ENABLE_OBJC_ARC = YES;
				CLANG_ENABLE_OBJC_WEAK = YES;
				CLANG_WARN_BLOCK_CAPTURE_AUTORELEASING = YES;
				CLANG_WARN_BOOL_CONVERSION = YES;
				CLANG_WARN_COMMA = YES;
				CLANG_WARN_CONSTANT_CONVERSION = YES;
				CLANG_WARN_DEPRECATED_OBJC_IMPLEMENTATIONS = YES;
				CLANG_WARN_DIRECT_OBJC_ISA_USAGE = YES_ERROR;
				CLANG_WARN_DOCUMENTATION_COMMENTS = YES;
				CLANG_WARN_EMPTY_BODY = YES;
				CLANG_WARN_ENUM_CONVERSION = YES;
				CLANG_WARN_INFINITE_RECURSION = YES;
				CLANG_WARN_INT_CONVERSION = YES;
				CLANG_WARN_NON_LITERAL_NULL_CONVERSION = YES;
				CLANG_WARN_OBJC_IMPLICIT_RETAIN_SELF = YES;
				CLANG_WARN_OBJC_LITERAL_CONVERSION = YES;
				CLANG_WARN_OBJC_ROOT_CLASS = YES_ERROR;
				CLANG_WARN_RANGE_LOOP_ANALYSIS = YES;
				CLANG_WARN_STRICT_PROTOTYPES = YES;
				CLANG_WARN_SUSPICIOUS_MOVE = YES;
				CLANG_WARN_UNGUARDED_AVAILABILITY = YES_AGGRESSIVE;
				CLANG_WARN_UNREACHABLE_CODE = YES;
				CLANG_WARN__DUPLICATE_METHOD_MATCH = YES;
				COPY_PHASE_STRIP = NO;
				DEBUG_INFORMATION_FORMAT = dwarf;
				ENABLE_STRICT_OBJC_MSGSEND = YES;
				ENABLE_TESTABILITY = YES;
				GCC_C_LANGUAGE_STANDARD = gnu11;
				GCC_DYNAMIC_NO_PIC = NO;
				GCC_NO_COMMON_BLOCKS = YES;
				GCC_OPTIMIZATION_LEVEL = 0;
				GCC_PREPROCESSOR_DEFINITIONS = (
					"DEBUG=1",
					"$(inherited)",
				);
				GCC_WARN_64_TO_32_BIT_CONVERSION = YES;
				GCC_WARN_ABOUT_RETURN_TYPE = YES_ERROR;
				GCC_WARN_UNDECLARED_SELECTOR = YES;
				GCC_WARN_UNINITIALIZED_AUTOS = YES_AGGRESSIVE;
				GCC_WARN_UNUSED_FUNCTION = YES;
				GCC_WARN_UNUSED_VARIABLE = YES;
				IPHONEOS_DEPLOYMENT_TARGET = 13.2;
				MTL_ENABLE_DEBUG_INFO = INCLUDE_SOURCE;
				MTL_FAST_MATH = YES;
				ONLY_ACTIVE_ARCH = YES;
				SDKROOT = iphoneos;
				SWIFT_ACTIVE_COMPILATION_CONDITIONS = DEBUG;
				SWIFT_OPTIMIZATION_LEVEL = "-Onone";
			};
			name = Debug;
		};
		AC503D39238269CE00391F03 /* Release */ = {
			isa = XCBuildConfiguration;
			buildSettings = {
				ALWAYS_SEARCH_USER_PATHS = NO;
				CLANG_ANALYZER_NONNULL = YES;
				CLANG_ANALYZER_NUMBER_OBJECT_CONVERSION = YES_AGGRESSIVE;
				CLANG_CXX_LANGUAGE_STANDARD = "gnu++14";
				CLANG_CXX_LIBRARY = "libc++";
				CLANG_ENABLE_MODULES = YES;
				CLANG_ENABLE_OBJC_ARC = YES;
				CLANG_ENABLE_OBJC_WEAK = YES;
				CLANG_WARN_BLOCK_CAPTURE_AUTORELEASING = YES;
				CLANG_WARN_BOOL_CONVERSION = YES;
				CLANG_WARN_COMMA = YES;
				CLANG_WARN_CONSTANT_CONVERSION = YES;
				CLANG_WARN_DEPRECATED_OBJC_IMPLEMENTATIONS = YES;
				CLANG_WARN_DIRECT_OBJC_ISA_USAGE = YES_ERROR;
				CLANG_WARN_DOCUMENTATION_COMMENTS = YES;
				CLANG_WARN_EMPTY_BODY = YES;
				CLANG_WARN_ENUM_CONVERSION = YES;
				CLANG_WARN_INFINITE_RECURSION = YES;
				CLANG_WARN_INT_CONVERSION = YES;
				CLANG_WARN_NON_LITERAL_NULL_CONVERSION = YES;
				CLANG_WARN_OBJC_IMPLICIT_RETAIN_SELF = YES;
				CLANG_WARN_OBJC_LITERAL_CONVERSION = YES;
				CLANG_WARN_OBJC_ROOT_CLASS = YES_ERROR;
				CLANG_WARN_RANGE_LOOP_ANALYSIS = YES;
				CLANG_WARN_STRICT_PROTOTYPES = YES;
				CLANG_WARN_SUSPICIOUS_MOVE = YES;
				CLANG_WARN_UNGUARDED_AVAILABILITY = YES_AGGRESSIVE;
				CLANG_WARN_UNREACHABLE_CODE = YES;
				CLANG_WARN__DUPLICATE_METHOD_MATCH = YES;
				COPY_PHASE_STRIP = NO;
				DEBUG_INFORMATION_FORMAT = "dwarf-with-dsym";
				ENABLE_NS_ASSERTIONS = NO;
				ENABLE_STRICT_OBJC_MSGSEND = YES;
				GCC_C_LANGUAGE_STANDARD = gnu11;
				GCC_NO_COMMON_BLOCKS = YES;
				GCC_WARN_64_TO_32_BIT_CONVERSION = YES;
				GCC_WARN_ABOUT_RETURN_TYPE = YES_ERROR;
				GCC_WARN_UNDECLARED_SELECTOR = YES;
				GCC_WARN_UNINITIALIZED_AUTOS = YES_AGGRESSIVE;
				GCC_WARN_UNUSED_FUNCTION = YES;
				GCC_WARN_UNUSED_VARIABLE = YES;
				IPHONEOS_DEPLOYMENT_TARGET = 13.2;
				MTL_ENABLE_DEBUG_INFO = NO;
				MTL_FAST_MATH = YES;
				SDKROOT = iphoneos;
				SWIFT_COMPILATION_MODE = wholemodule;
				SWIFT_OPTIMIZATION_LEVEL = "-O";
				VALIDATE_PRODUCT = YES;
			};
			name = Release;
		};
		AC503D3B238269CE00391F03 /* Debug */ = {
			isa = XCBuildConfiguration;
			buildSettings = {
				ASSETCATALOG_COMPILER_APPICON_NAME = AppIcon;
				CODE_SIGN_STYLE = Automatic;
				DEVELOPMENT_TEAM = UCF4K36X9Q;
				INFOPLIST_FILE = TapMap/Info.plist;
				LD_RUNPATH_SEARCH_PATHS = (
					"$(inherited)",
					"@executable_path/Frameworks",
				);
				PRODUCT_BUNDLE_IDENTIFIER = com.samaroo.TapMap;
				PRODUCT_NAME = "$(TARGET_NAME)";
				SWIFT_VERSION = 5.0;
				TARGETED_DEVICE_FAMILY = "1,2";
			};
			name = Debug;
		};
		AC503D3C238269CE00391F03 /* Release */ = {
			isa = XCBuildConfiguration;
			buildSettings = {
				ASSETCATALOG_COMPILER_APPICON_NAME = AppIcon;
				CODE_SIGN_STYLE = Automatic;
				DEVELOPMENT_TEAM = UCF4K36X9Q;
				INFOPLIST_FILE = TapMap/Info.plist;
				LD_RUNPATH_SEARCH_PATHS = (
					"$(inherited)",
					"@executable_path/Frameworks",
				);
				PRODUCT_BUNDLE_IDENTIFIER = com.samaroo.TapMap;
				PRODUCT_NAME = "$(TARGET_NAME)";
				SWIFT_VERSION = 5.0;
				TARGETED_DEVICE_FAMILY = "1,2";
			};
			name = Release;
		};
		AC503D3E238269CE00391F03 /* Debug */ = {
			isa = XCBuildConfiguration;
			buildSettings = {
				ALWAYS_EMBED_SWIFT_STANDARD_LIBRARIES = YES;
				BUNDLE_LOADER = "$(TEST_HOST)";
				CODE_SIGN_STYLE = Automatic;
				DEVELOPMENT_TEAM = UCF4K36X9Q;
				INFOPLIST_FILE = TapMapTests/Info.plist;
				IPHONEOS_DEPLOYMENT_TARGET = 13.2;
				LD_RUNPATH_SEARCH_PATHS = (
					"$(inherited)",
					"@executable_path/Frameworks",
					"@loader_path/Frameworks",
				);
				PRODUCT_BUNDLE_IDENTIFIER = com.samaroo.TapMapTests;
				PRODUCT_NAME = "$(TARGET_NAME)";
				SWIFT_VERSION = 5.0;
				TARGETED_DEVICE_FAMILY = "1,2";
				TEST_HOST = "$(BUILT_PRODUCTS_DIR)/TapMap.app/TapMap";
			};
			name = Debug;
		};
		AC503D3F238269CE00391F03 /* Release */ = {
			isa = XCBuildConfiguration;
			buildSettings = {
				ALWAYS_EMBED_SWIFT_STANDARD_LIBRARIES = YES;
				BUNDLE_LOADER = "$(TEST_HOST)";
				CODE_SIGN_STYLE = Automatic;
				DEVELOPMENT_TEAM = UCF4K36X9Q;
				INFOPLIST_FILE = TapMapTests/Info.plist;
				IPHONEOS_DEPLOYMENT_TARGET = 13.2;
				LD_RUNPATH_SEARCH_PATHS = (
					"$(inherited)",
					"@executable_path/Frameworks",
					"@loader_path/Frameworks",
				);
				PRODUCT_BUNDLE_IDENTIFIER = com.samaroo.TapMapTests;
				PRODUCT_NAME = "$(TARGET_NAME)";
				SWIFT_VERSION = 5.0;
				TARGETED_DEVICE_FAMILY = "1,2";
				TEST_HOST = "$(BUILT_PRODUCTS_DIR)/TapMap.app/TapMap";
			};
			name = Release;
		};
		AC503D41238269CE00391F03 /* Debug */ = {
			isa = XCBuildConfiguration;
			buildSettings = {
				ALWAYS_EMBED_SWIFT_STANDARD_LIBRARIES = YES;
				CODE_SIGN_STYLE = Automatic;
				DEVELOPMENT_TEAM = UCF4K36X9Q;
				INFOPLIST_FILE = TapMapUITests/Info.plist;
				LD_RUNPATH_SEARCH_PATHS = (
					"$(inherited)",
					"@executable_path/Frameworks",
					"@loader_path/Frameworks",
				);
				PRODUCT_BUNDLE_IDENTIFIER = com.samaroo.TapMapUITests;
				PRODUCT_NAME = "$(TARGET_NAME)";
				SWIFT_VERSION = 5.0;
				TARGETED_DEVICE_FAMILY = "1,2";
				TEST_TARGET_NAME = TapMap;
			};
			name = Debug;
		};
		AC503D42238269CE00391F03 /* Release */ = {
			isa = XCBuildConfiguration;
			buildSettings = {
				ALWAYS_EMBED_SWIFT_STANDARD_LIBRARIES = YES;
				CODE_SIGN_STYLE = Automatic;
				DEVELOPMENT_TEAM = UCF4K36X9Q;
				INFOPLIST_FILE = TapMapUITests/Info.plist;
				LD_RUNPATH_SEARCH_PATHS = (
					"$(inherited)",
					"@executable_path/Frameworks",
					"@loader_path/Frameworks",
				);
				PRODUCT_BUNDLE_IDENTIFIER = com.samaroo.TapMapUITests;
				PRODUCT_NAME = "$(TARGET_NAME)";
				SWIFT_VERSION = 5.0;
				TARGETED_DEVICE_FAMILY = "1,2";
				TEST_TARGET_NAME = TapMap;
			};
			name = Release;
		};
/* End XCBuildConfiguration section */

/* Begin XCConfigurationList section */
		AC503D0B238269CE00391F03 /* Build configuration list for PBXProject "TapMap" */ = {
			isa = XCConfigurationList;
			buildConfigurations = (
				AC503D38238269CE00391F03 /* Debug */,
				AC503D39238269CE00391F03 /* Release */,
			);
			defaultConfigurationIsVisible = 0;
			defaultConfigurationName = Release;
		};
		AC503D3A238269CE00391F03 /* Build configuration list for PBXNativeTarget "TapMap" */ = {
			isa = XCConfigurationList;
			buildConfigurations = (
				AC503D3B238269CE00391F03 /* Debug */,
				AC503D3C238269CE00391F03 /* Release */,
			);
			defaultConfigurationIsVisible = 0;
			defaultConfigurationName = Release;
		};
		AC503D3D238269CE00391F03 /* Build configuration list for PBXNativeTarget "TapMapTests" */ = {
			isa = XCConfigurationList;
			buildConfigurations = (
				AC503D3E238269CE00391F03 /* Debug */,
				AC503D3F238269CE00391F03 /* Release */,
			);
			defaultConfigurationIsVisible = 0;
			defaultConfigurationName = Release;
		};
		AC503D40238269CE00391F03 /* Build configuration list for PBXNativeTarget "TapMapUITests" */ = {
			isa = XCConfigurationList;
			buildConfigurations = (
				AC503D41238269CE00391F03 /* Debug */,
				AC503D42238269CE00391F03 /* Release */,
			);
			defaultConfigurationIsVisible = 0;
			defaultConfigurationName = Release;
		};
/* End XCConfigurationList section */
	};
	rootObject = AC503D08238269CE00391F03 /* Project object */;
}
